// !$*UTF8*$!
{
	archiveVersion = 1;
	classes = {
	};
	objectVersion = 56;
	objects = {

/* Begin PBXBuildFile section */
		66C8D3CC2AB7565C005DFE49 /* AppDelegate.swift in Sources */ = {isa = PBXBuildFile; fileRef = 66C8D3CB2AB7565C005DFE49 /* AppDelegate.swift */; };
		66C8D3CE2AB7565C005DFE49 /* SceneDelegate.swift in Sources */ = {isa = PBXBuildFile; fileRef = 66C8D3CD2AB7565C005DFE49 /* SceneDelegate.swift */; };
		66C8D3D02AB7565C005DFE49 /* ViewController.swift in Sources */ = {isa = PBXBuildFile; fileRef = 66C8D3CF2AB7565C005DFE49 /* ViewController.swift */; };
		66C8D3D32AB7565C005DFE49 /* Main.storyboard in Resources */ = {isa = PBXBuildFile; fileRef = 66C8D3D12AB7565C005DFE49 /* Main.storyboard */; };
		66C8D3D62AB7565C005DFE49 /* ShoppingNot.xcdatamodeld in Sources */ = {isa = PBXBuildFile; fileRef = 66C8D3D42AB7565C005DFE49 /* ShoppingNot.xcdatamodeld */; };
		66C8D3D82AB7565D005DFE49 /* Assets.xcassets in Resources */ = {isa = PBXBuildFile; fileRef = 66C8D3D72AB7565D005DFE49 /* Assets.xcassets */; };
		66C8D3DB2AB7565D005DFE49 /* LaunchScreen.storyboard in Resources */ = {isa = PBXBuildFile; fileRef = 66C8D3D92AB7565D005DFE49 /* LaunchScreen.storyboard */; };
		66C8D3E62AB7565D005DFE49 /* ShoppingNotTests.swift in Sources */ = {isa = PBXBuildFile; fileRef = 66C8D3E52AB7565D005DFE49 /* ShoppingNotTests.swift */; };
		66C8D3F02AB7565D005DFE49 /* ShoppingNotUITests.swift in Sources */ = {isa = PBXBuildFile; fileRef = 66C8D3EF2AB7565D005DFE49 /* ShoppingNotUITests.swift */; };
		66C8D3F22AB7565D005DFE49 /* ShoppingNotUITestsLaunchTests.swift in Sources */ = {isa = PBXBuildFile; fileRef = 66C8D3F12AB7565D005DFE49 /* ShoppingNotUITestsLaunchTests.swift */; };
/* End PBXBuildFile section */

/* Begin PBXContainerItemProxy section */
		66C8D3E22AB7565D005DFE49 /* PBXContainerItemProxy */ = {
			isa = PBXContainerItemProxy;
			containerPortal = 66C8D3C02AB7565C005DFE49 /* Project object */;
			proxyType = 1;
			remoteGlobalIDString = 66C8D3C72AB7565C005DFE49;
			remoteInfo = ShoppingNot;
		};
		66C8D3EC2AB7565D005DFE49 /* PBXContainerItemProxy */ = {
			isa = PBXContainerItemProxy;
			containerPortal = 66C8D3C02AB7565C005DFE49 /* Project object */;
			proxyType = 1;
			remoteGlobalIDString = 66C8D3C72AB7565C005DFE49;
			remoteInfo = ShoppingNot;
		};
/* End PBXContainerItemProxy section */

/* Begin PBXFileReference section */
		66C8D3C82AB7565C005DFE49 /* ShoppingNot.app */ = {isa = PBXFileReference; explicitFileType = wrapper.application; includeInIndex = 0; path = ShoppingNot.app; sourceTree = BUILT_PRODUCTS_DIR; };
		66C8D3CB2AB7565C005DFE49 /* AppDelegate.swift */ = {isa = PBXFileReference; lastKnownFileType = sourcecode.swift; path = AppDelegate.swift; sourceTree = "<group>"; };
		66C8D3CD2AB7565C005DFE49 /* SceneDelegate.swift */ = {isa = PBXFileReference; lastKnownFileType = sourcecode.swift; path = SceneDelegate.swift; sourceTree = "<group>"; };
		66C8D3CF2AB7565C005DFE49 /* ViewController.swift */ = {isa = PBXFileReference; lastKnownFileType = sourcecode.swift; path = ViewController.swift; sourceTree = "<group>"; };
		66C8D3D22AB7565C005DFE49 /* Base */ = {isa = PBXFileReference; lastKnownFileType = file.storyboard; name = Base; path = Base.lproj/Main.storyboard; sourceTree = "<group>"; };
		66C8D3D52AB7565C005DFE49 /* ShoppingNot.xcdatamodel */ = {isa = PBXFileReference; lastKnownFileType = wrapper.xcdatamodel; path = ShoppingNot.xcdatamodel; sourceTree = "<group>"; };
		66C8D3D72AB7565D005DFE49 /* Assets.xcassets */ = {isa = PBXFileReference; lastKnownFileType = folder.assetcatalog; path = Assets.xcassets; sourceTree = "<group>"; };
		66C8D3DA2AB7565D005DFE49 /* Base */ = {isa = PBXFileReference; lastKnownFileType = file.storyboard; name = Base; path = Base.lproj/LaunchScreen.storyboard; sourceTree = "<group>"; };
		66C8D3DC2AB7565D005DFE49 /* Info.plist */ = {isa = PBXFileReference; lastKnownFileType = text.plist.xml; path = Info.plist; sourceTree = "<group>"; };
		66C8D3E12AB7565D005DFE49 /* ShoppingNotTests.xctest */ = {isa = PBXFileReference; explicitFileType = wrapper.cfbundle; includeInIndex = 0; path = ShoppingNotTests.xctest; sourceTree = BUILT_PRODUCTS_DIR; };
		66C8D3E52AB7565D005DFE49 /* ShoppingNotTests.swift */ = {isa = PBXFileReference; lastKnownFileType = sourcecode.swift; path = ShoppingNotTests.swift; sourceTree = "<group>"; };
		66C8D3EB2AB7565D005DFE49 /* ShoppingNotUITests.xctest */ = {isa = PBXFileReference; explicitFileType = wrapper.cfbundle; includeInIndex = 0; path = ShoppingNotUITests.xctest; sourceTree = BUILT_PRODUCTS_DIR; };
		66C8D3EF2AB7565D005DFE49 /* ShoppingNotUITests.swift */ = {isa = PBXFileReference; lastKnownFileType = sourcecode.swift; path = ShoppingNotUITests.swift; sourceTree = "<group>"; };
		66C8D3F12AB7565D005DFE49 /* ShoppingNotUITestsLaunchTests.swift */ = {isa = PBXFileReference; lastKnownFileType = sourcecode.swift; path = ShoppingNotUITestsLaunchTests.swift; sourceTree = "<group>"; };
/* End PBXFileReference section */

/* Begin PBXFrameworksBuildPhase section */
		66C8D3C52AB7565C005DFE49 /* Frameworks */ = {
			isa = PBXFrameworksBuildPhase;
			buildActionMask = 2147483647;
			files = (
			);
			runOnlyForDeploymentPostprocessing = 0;
		};
		66C8D3DE2AB7565D005DFE49 /* Frameworks */ = {
			isa = PBXFrameworksBuildPhase;
			buildActionMask = 2147483647;
			files = (
			);
			runOnlyForDeploymentPostprocessing = 0;
		};
		66C8D3E82AB7565D005DFE49 /* Frameworks */ = {
			isa = PBXFrameworksBuildPhase;
			buildActionMask = 2147483647;
			files = (
			);
			runOnlyForDeploymentPostprocessing = 0;
		};
/* End PBXFrameworksBuildPhase section */

/* Begin PBXGroup section */
		66C8D3BF2AB7565C005DFE49 = {
			isa = PBXGroup;
			children = (
				66C8D3CA2AB7565C005DFE49 /* ShoppingNot */,
				66C8D3E42AB7565D005DFE49 /* ShoppingNotTests */,
				66C8D3EE2AB7565D005DFE49 /* ShoppingNotUITests */,
				66C8D3C92AB7565C005DFE49 /* Products */,
			);
			sourceTree = "<group>";
		};
		66C8D3C92AB7565C005DFE49 /* Products */ = {
			isa = PBXGroup;
			children = (
				66C8D3C82AB7565C005DFE49 /* ShoppingNot.app */,
				66C8D3E12AB7565D005DFE49 /* ShoppingNotTests.xctest */,
				66C8D3EB2AB7565D005DFE49 /* ShoppingNotUITests.xctest */,
			);
			name = Products;
			sourceTree = "<group>";
		};
		66C8D3CA2AB7565C005DFE49 /* ShoppingNot */ = {
			isa = PBXGroup;
			children = (
				66C8D3CB2AB7565C005DFE49 /* AppDelegate.swift */,
				66C8D3CD2AB7565C005DFE49 /* SceneDelegate.swift */,
				66C8D3CF2AB7565C005DFE49 /* ViewController.swift */,
				66C8D3D12AB7565C005DFE49 /* Main.storyboard */,
				66C8D3D72AB7565D005DFE49 /* Assets.xcassets */,
				66C8D3D92AB7565D005DFE49 /* LaunchScreen.storyboard */,
				66C8D3DC2AB7565D005DFE49 /* Info.plist */,
				66C8D3D42AB7565C005DFE49 /* ShoppingNot.xcdatamodeld */,
			);
			path = ShoppingNot;
			sourceTree = "<group>";
		};
		66C8D3E42AB7565D005DFE49 /* ShoppingNotTests */ = {
			isa = PBXGroup;
			children = (
				66C8D3E52AB7565D005DFE49 /* ShoppingNotTests.swift */,
			);
			path = ShoppingNotTests;
			sourceTree = "<group>";
		};
		66C8D3EE2AB7565D005DFE49 /* ShoppingNotUITests */ = {
			isa = PBXGroup;
			children = (
				66C8D3EF2AB7565D005DFE49 /* ShoppingNotUITests.swift */,
				66C8D3F12AB7565D005DFE49 /* ShoppingNotUITestsLaunchTests.swift */,
			);
			path = ShoppingNotUITests;
			sourceTree = "<group>";
		};
/* End PBXGroup section */

/* Begin PBXNativeTarget section */
		66C8D3C72AB7565C005DFE49 /* ShoppingNot */ = {
			isa = PBXNativeTarget;
			buildConfigurationList = 66C8D3F52AB7565D005DFE49 /* Build configuration list for PBXNativeTarget "ShoppingNot" */;
			buildPhases = (
				66C8D3C42AB7565C005DFE49 /* Sources */,
				66C8D3C52AB7565C005DFE49 /* Frameworks */,
				66C8D3C62AB7565C005DFE49 /* Resources */,
			);
			buildRules = (
			);
			dependencies = (
			);
			name = ShoppingNot;
			productName = ShoppingNot;
			productReference = 66C8D3C82AB7565C005DFE49 /* ShoppingNot.app */;
			productType = "com.apple.product-type.application";
		};
		66C8D3E02AB7565D005DFE49 /* ShoppingNotTests */ = {
			isa = PBXNativeTarget;
			buildConfigurationList = 66C8D3F82AB7565D005DFE49 /* Build configuration list for PBXNativeTarget "ShoppingNotTests" */;
			buildPhases = (
				66C8D3DD2AB7565D005DFE49 /* Sources */,
				66C8D3DE2AB7565D005DFE49 /* Frameworks */,
				66C8D3DF2AB7565D005DFE49 /* Resources */,
			);
			buildRules = (
			);
			dependencies = (
				66C8D3E32AB7565D005DFE49 /* PBXTargetDependency */,
			);
			name = ShoppingNotTests;
			productName = ShoppingNotTests;
			productReference = 66C8D3E12AB7565D005DFE49 /* ShoppingNotTests.xctest */;
			productType = "com.apple.product-type.bundle.unit-test";
		};
		66C8D3EA2AB7565D005DFE49 /* ShoppingNotUITests */ = {
			isa = PBXNativeTarget;
			buildConfigurationList = 66C8D3FB2AB7565D005DFE49 /* Build configuration list for PBXNativeTarget "ShoppingNotUITests" */;
			buildPhases = (
				66C8D3E72AB7565D005DFE49 /* Sources */,
				66C8D3E82AB7565D005DFE49 /* Frameworks */,
				66C8D3E92AB7565D005DFE49 /* Resources */,
			);
			buildRules = (
			);
			dependencies = (
				66C8D3ED2AB7565D005DFE49 /* PBXTargetDependency */,
			);
			name = ShoppingNotUITests;
			productName = ShoppingNotUITests;
			productReference = 66C8D3EB2AB7565D005DFE49 /* ShoppingNotUITests.xctest */;
			productType = "com.apple.product-type.bundle.ui-testing";
		};
/* End PBXNativeTarget section */

/* Begin PBXProject section */
		66C8D3C02AB7565C005DFE49 /* Project object */ = {
			isa = PBXProject;
			attributes = {
				BuildIndependentTargetsInParallel = 1;
				LastSwiftUpdateCheck = 1430;
				LastUpgradeCheck = 1430;
				TargetAttributes = {
					66C8D3C72AB7565C005DFE49 = {
						CreatedOnToolsVersion = 14.3.1;
					};
					66C8D3E02AB7565D005DFE49 = {
						CreatedOnToolsVersion = 14.3.1;
						TestTargetID = 66C8D3C72AB7565C005DFE49;
					};
					66C8D3EA2AB7565D005DFE49 = {
						CreatedOnToolsVersion = 14.3.1;
						TestTargetID = 66C8D3C72AB7565C005DFE49;
					};
				};
			};
			buildConfigurationList = 66C8D3C32AB7565C005DFE49 /* Build configuration list for PBXProject "ShoppingNot" */;
			compatibilityVersion = "Xcode 14.0";
			developmentRegion = en;
			hasScannedForEncodings = 0;
			knownRegions = (
				en,
				Base,
			);
			mainGroup = 66C8D3BF2AB7565C005DFE49;
			productRefGroup = 66C8D3C92AB7565C005DFE49 /* Products */;
			projectDirPath = "";
			projectRoot = "";
			targets = (
				66C8D3C72AB7565C005DFE49 /* ShoppingNot */,
				66C8D3E02AB7565D005DFE49 /* ShoppingNotTests */,
				66C8D3EA2AB7565D005DFE49 /* ShoppingNotUITests */,
			);
		};
/* End PBXProject section */

/* Begin PBXResourcesBuildPhase section */
		66C8D3C62AB7565C005DFE49 /* Resources */ = {
			isa = PBXResourcesBuildPhase;
			buildActionMask = 2147483647;
			files = (
				66C8D3DB2AB7565D005DFE49 /* LaunchScreen.storyboard in Resources */,
				66C8D3D82AB7565D005DFE49 /* Assets.xcassets in Resources */,
				66C8D3D32AB7565C005DFE49 /* Main.storyboard in Resources */,
			);
			runOnlyForDeploymentPostprocessing = 0;
		};
		66C8D3DF2AB7565D005DFE49 /* Resources */ = {
			isa = PBXResourcesBuildPhase;
			buildActionMask = 2147483647;
			files = (
			);
			runOnlyForDeploymentPostprocessing = 0;
		};
		66C8D3E92AB7565D005DFE49 /* Resources */ = {
			isa = PBXResourcesBuildPhase;
			buildActionMask = 2147483647;
			files = (
			);
			runOnlyForDeploymentPostprocessing = 0;
		};
/* End PBXResourcesBuildPhase section */

/* Begin PBXSourcesBuildPhase section */
		66C8D3C42AB7565C005DFE49 /* Sources */ = {
			isa = PBXSourcesBuildPhase;
			buildActionMask = 2147483647;
			files = (
				66C8D3D02AB7565C005DFE49 /* ViewController.swift in Sources */,
				66C8D3D62AB7565C005DFE49 /* ShoppingNot.xcdatamodeld in Sources */,
				66C8D3CC2AB7565C005DFE49 /* AppDelegate.swift in Sources */,
				66C8D3CE2AB7565C005DFE49 /* SceneDelegate.swift in Sources */,
			);
			runOnlyForDeploymentPostprocessing = 0;
		};
		66C8D3DD2AB7565D005DFE49 /* Sources */ = {
			isa = PBXSourcesBuildPhase;
			buildActionMask = 2147483647;
			files = (
				66C8D3E62AB7565D005DFE49 /* ShoppingNotTests.swift in Sources */,
			);
			runOnlyForDeploymentPostprocessing = 0;
		};
		66C8D3E72AB7565D005DFE49 /* Sources */ = {
			isa = PBXSourcesBuildPhase;
			buildActionMask = 2147483647;
			files = (
				66C8D3F22AB7565D005DFE49 /* ShoppingNotUITestsLaunchTests.swift in Sources */,
				66C8D3F02AB7565D005DFE49 /* ShoppingNotUITests.swift in Sources */,
			);
			runOnlyForDeploymentPostprocessing = 0;
		};
/* End PBXSourcesBuildPhase section */

/* Begin PBXTargetDependency section */
		66C8D3E32AB7565D005DFE49 /* PBXTargetDependency */ = {
			isa = PBXTargetDependency;
			target = 66C8D3C72AB7565C005DFE49 /* ShoppingNot */;
			targetProxy = 66C8D3E22AB7565D005DFE49 /* PBXContainerItemProxy */;
		};
		66C8D3ED2AB7565D005DFE49 /* PBXTargetDependency */ = {
			isa = PBXTargetDependency;
			target = 66C8D3C72AB7565C005DFE49 /* ShoppingNot */;
			targetProxy = 66C8D3EC2AB7565D005DFE49 /* PBXContainerItemProxy */;
		};
/* End PBXTargetDependency section */

/* Begin PBXVariantGroup section */
		66C8D3D12AB7565C005DFE49 /* Main.storyboard */ = {
			isa = PBXVariantGroup;
			children = (
				66C8D3D22AB7565C005DFE49 /* Base */,
			);
			name = Main.storyboard;
			sourceTree = "<group>";
		};
		66C8D3D92AB7565D005DFE49 /* LaunchScreen.storyboard */ = {
			isa = PBXVariantGroup;
			children = (
				66C8D3DA2AB7565D005DFE49 /* Base */,
			);
			name = LaunchScreen.storyboard;
			sourceTree = "<group>";
		};
/* End PBXVariantGroup section */

/* Begin XCBuildConfiguration section */
		66C8D3F32AB7565D005DFE49 /* Debug */ = {
			isa = XCBuildConfiguration;
			buildSettings = {
				ALWAYS_SEARCH_USER_PATHS = NO;
				CLANG_ANALYZER_NONNULL = YES;
				CLANG_ANALYZER_NUMBER_OBJECT_CONVERSION = YES_AGGRESSIVE;
				CLANG_CXX_LANGUAGE_STANDARD = "gnu++20";
				CLANG_ENABLE_MODULES = YES;
				CLANG_ENABLE_OBJC_ARC = YES;
				CLANG_ENABLE_OBJC_WEAK = YES;
				CLANG_WARN_BLOCK_CAPTURE_AUTORELEASING = YES;
				CLANG_WARN_BOOL_CONVERSION = YES;
				CLANG_WARN_COMMA = YES;
				CLANG_WARN_CONSTANT_CONVERSION = YES;
				CLANG_WARN_DEPRECATED_OBJC_IMPLEMENTATIONS = YES;
				CLANG_WARN_DIRECT_OBJC_ISA_USAGE = YES_ERROR;
				CLANG_WARN_DOCUMENTATION_COMMENTS = YES;
				CLANG_WARN_EMPTY_BODY = YES;
				CLANG_WARN_ENUM_CONVERSION = YES;
				CLANG_WARN_INFINITE_RECURSION = YES;
				CLANG_WARN_INT_CONVERSION = YES;
				CLANG_WARN_NON_LITERAL_NULL_CONVERSION = YES;
				CLANG_WARN_OBJC_IMPLICIT_RETAIN_SELF = YES;
				CLANG_WARN_OBJC_LITERAL_CONVERSION = YES;
				CLANG_WARN_OBJC_ROOT_CLASS = YES_ERROR;
				CLANG_WARN_QUOTED_INCLUDE_IN_FRAMEWORK_HEADER = YES;
				CLANG_WARN_RANGE_LOOP_ANALYSIS = YES;
				CLANG_WARN_STRICT_PROTOTYPES = YES;
				CLANG_WARN_SUSPICIOUS_MOVE = YES;
				CLANG_WARN_UNGUARDED_AVAILABILITY = YES_AGGRESSIVE;
				CLANG_WARN_UNREACHABLE_CODE = YES;
				CLANG_WARN__DUPLICATE_METHOD_MATCH = YES;
				COPY_PHASE_STRIP = NO;
				DEBUG_INFORMATION_FORMAT = dwarf;
				ENABLE_STRICT_OBJC_MSGSEND = YES;
				ENABLE_TESTABILITY = YES;
				GCC_C_LANGUAGE_STANDARD = gnu11;
				GCC_DYNAMIC_NO_PIC = NO;
				GCC_NO_COMMON_BLOCKS = YES;
				GCC_OPTIMIZATION_LEVEL = 0;
				GCC_PREPROCESSOR_DEFINITIONS = (
					"DEBUG=1",
					"$(inherited)",
				);
				GCC_WARN_64_TO_32_BIT_CONVERSION = YES;
				GCC_WARN_ABOUT_RETURN_TYPE = YES_ERROR;
				GCC_WARN_UNDECLARED_SELECTOR = YES;
				GCC_WARN_UNINITIALIZED_AUTOS = YES_AGGRESSIVE;
				GCC_WARN_UNUSED_FUNCTION = YES;
				GCC_WARN_UNUSED_VARIABLE = YES;
				IPHONEOS_DEPLOYMENT_TARGET = 16.4;
				MTL_ENABLE_DEBUG_INFO = INCLUDE_SOURCE;
				MTL_FAST_MATH = YES;
				ONLY_ACTIVE_ARCH = YES;
				SDKROOT = iphoneos;
				SWIFT_ACTIVE_COMPILATION_CONDITIONS = DEBUG;
				SWIFT_OPTIMIZATION_LEVEL = "-Onone";
			};
			name = Debug;
		};
		66C8D3F42AB7565D005DFE49 /* Release */ = {
			isa = XCBuildConfiguration;
			buildSettings = {
				ALWAYS_SEARCH_USER_PATHS = NO;
				CLANG_ANALYZER_NONNULL = YES;
				CLANG_ANALYZER_NUMBER_OBJECT_CONVERSION = YES_AGGRESSIVE;
				CLANG_CXX_LANGUAGE_STANDARD = "gnu++20";
				CLANG_ENABLE_MODULES = YES;
				CLANG_ENABLE_OBJC_ARC = YES;
				CLANG_ENABLE_OBJC_WEAK = YES;
				CLANG_WARN_BLOCK_CAPTURE_AUTORELEASING = YES;
				CLANG_WARN_BOOL_CONVERSION = YES;
				CLANG_WARN_COMMA = YES;
				CLANG_WARN_CONSTANT_CONVERSION = YES;
				CLANG_WARN_DEPRECATED_OBJC_IMPLEMENTATIONS = YES;
				CLANG_WARN_DIRECT_OBJC_ISA_USAGE = YES_ERROR;
				CLANG_WARN_DOCUMENTATION_COMMENTS = YES;
				CLANG_WARN_EMPTY_BODY = YES;
				CLANG_WARN_ENUM_CONVERSION = YES;
				CLANG_WARN_INFINITE_RECURSION = YES;
				CLANG_WARN_INT_CONVERSION = YES;
				CLANG_WARN_NON_LITERAL_NULL_CONVERSION = YES;
				CLANG_WARN_OBJC_IMPLICIT_RETAIN_SELF = YES;
				CLANG_WARN_OBJC_LITERAL_CONVERSION = YES;
				CLANG_WARN_OBJC_ROOT_CLASS = YES_ERROR;
				CLANG_WARN_QUOTED_INCLUDE_IN_FRAMEWORK_HEADER = YES;
				CLANG_WARN_RANGE_LOOP_ANALYSIS = YES;
				CLANG_WARN_STRICT_PROTOTYPES = YES;
				CLANG_WARN_SUSPICIOUS_MOVE = YES;
				CLANG_WARN_UNGUARDED_AVAILABILITY = YES_AGGRESSIVE;
				CLANG_WARN_UNREACHABLE_CODE = YES;
				CLANG_WARN__DUPLICATE_METHOD_MATCH = YES;
				COPY_PHASE_STRIP = NO;
				DEBUG_INFORMATION_FORMAT = "dwarf-with-dsym";
				ENABLE_NS_ASSERTIONS = NO;
				ENABLE_STRICT_OBJC_MSGSEND = YES;
				GCC_C_LANGUAGE_STANDARD = gnu11;
				GCC_NO_COMMON_BLOCKS = YES;
				GCC_WARN_64_TO_32_BIT_CONVERSION = YES;
				GCC_WARN_ABOUT_RETURN_TYPE = YES_ERROR;
				GCC_WARN_UNDECLARED_SELECTOR = YES;
				GCC_WARN_UNINITIALIZED_AUTOS = YES_AGGRESSIVE;
				GCC_WARN_UNUSED_FUNCTION = YES;
				GCC_WARN_UNUSED_VARIABLE = YES;
				IPHONEOS_DEPLOYMENT_TARGET = 16.4;
				MTL_ENABLE_DEBUG_INFO = NO;
				MTL_FAST_MATH = YES;
				SDKROOT = iphoneos;
				SWIFT_COMPILATION_MODE = wholemodule;
				SWIFT_OPTIMIZATION_LEVEL = "-O";
				VALIDATE_PRODUCT = YES;
			};
			name = Release;
		};
		66C8D3F62AB7565D005DFE49 /* Debug */ = {
			isa = XCBuildConfiguration;
			buildSettings = {
				ASSETCATALOG_COMPILER_APPICON_NAME = AppIcon;
				ASSETCATALOG_COMPILER_GLOBAL_ACCENT_COLOR_NAME = AccentColor;
				CODE_SIGN_STYLE = Automatic;
				CURRENT_PROJECT_VERSION = 1;
				DEVELOPMENT_TEAM = N5BT92DK6J;
				GENERATE_INFOPLIST_FILE = YES;
				INFOPLIST_FILE = ShoppingNot/Info.plist;
				INFOPLIST_KEY_UIApplicationSupportsIndirectInputEvents = YES;
				INFOPLIST_KEY_UILaunchStoryboardName = LaunchScreen;
				INFOPLIST_KEY_UIMainStoryboardFile = Main;
				INFOPLIST_KEY_UISupportedInterfaceOrientations_iPad = "UIInterfaceOrientationPortrait UIInterfaceOrientationPortraitUpsideDown UIInterfaceOrientationLandscapeLeft UIInterfaceOrientationLandscapeRight";
				INFOPLIST_KEY_UISupportedInterfaceOrientations_iPhone = "UIInterfaceOrientationPortrait UIInterfaceOrientationLandscapeLeft UIInterfaceOrientationLandscapeRight";
				LD_RUNPATH_SEARCH_PATHS = (
					"$(inherited)",
					"@executable_path/Frameworks",
				);
				MARKETING_VERSION = 1.0;
				PRODUCT_BUNDLE_IDENTIFIER = com.mertbaykal.ShoppingNot;
				PRODUCT_NAME = "$(TARGET_NAME)";
				SWIFT_EMIT_LOC_STRINGS = YES;
				SWIFT_VERSION = 5.0;
				TARGETED_DEVICE_FAMILY = "1,2";
			};
			name = Debug;
		};
		66C8D3F72AB7565D005DFE49 /* Release */ = {
			isa = XCBuildConfiguration;
			buildSettings = {
				ASSETCATALOG_COMPILER_APPICON_NAME = AppIcon;
				ASSETCATALOG_COMPILER_GLOBAL_ACCENT_COLOR_NAME = AccentColor;
				CODE_SIGN_STYLE = Automatic;
				CURRENT_PROJECT_VERSION = 1;
				DEVELOPMENT_TEAM = N5BT92DK6J;
				GENERATE_INFOPLIST_FILE = YES;
				INFOPLIST_FILE = ShoppingNot/Info.plist;
				INFOPLIST_KEY_UIApplicationSupportsIndirectInputEvents = YES;
				INFOPLIST_KEY_UILaunchStoryboardName = LaunchScreen;
				INFOPLIST_KEY_UIMainStoryboardFile = Main;
				INFOPLIST_KEY_UISupportedInterfaceOrientations_iPad = "UIInterfaceOrientationPortrait UIInterfaceOrientationPortraitUpsideDown UIInterfaceOrientationLandscapeLeft UIInterfaceOrientationLandscapeRight";
				INFOPLIST_KEY_UISupportedInterfaceOrientations_iPhone = "UIInterfaceOrientationPortrait UIInterfaceOrientationLandscapeLeft UIInterfaceOrientationLandscapeRight";
				LD_RUNPATH_SEARCH_PATHS = (
					"$(inherited)",
					"@executable_path/Frameworks",
				);
				MARKETING_VERSION = 1.0;
				PRODUCT_BUNDLE_IDENTIFIER = com.mertbaykal.ShoppingNot;
				PRODUCT_NAME = "$(TARGET_NAME)";
				SWIFT_EMIT_LOC_STRINGS = YES;
				SWIFT_VERSION = 5.0;
				TARGETED_DEVICE_FAMILY = "1,2";
			};
			name = Release;
		};
		66C8D3F92AB7565D005DFE49 /* Debug */ = {
			isa = XCBuildConfiguration;
			buildSettings = {
				ALWAYS_EMBED_SWIFT_STANDARD_LIBRARIES = YES;
				BUNDLE_LOADER = "$(TEST_HOST)";
				CODE_SIGN_STYLE = Automatic;
				CURRENT_PROJECT_VERSION = 1;
				DEVELOPMENT_TEAM = N5BT92DK6J;
				GENERATE_INFOPLIST_FILE = YES;
				IPHONEOS_DEPLOYMENT_TARGET = 16.4;
				MARKETING_VERSION = 1.0;
				PRODUCT_BUNDLE_IDENTIFIER = com.mertbaykal.ShoppingNotTests;
				PRODUCT_NAME = "$(TARGET_NAME)";
				SWIFT_EMIT_LOC_STRINGS = NO;
				SWIFT_VERSION = 5.0;
				TARGETED_DEVICE_FAMILY = "1,2";
				TEST_HOST = "$(BUILT_PRODUCTS_DIR)/ShoppingNot.app/$(BUNDLE_EXECUTABLE_FOLDER_PATH)/ShoppingNot";
			};
			name = Debug;
		};
		66C8D3FA2AB7565D005DFE49 /* Release */ = {
			isa = XCBuildConfiguration;
			buildSettings = {
				ALWAYS_EMBED_SWIFT_STANDARD_LIBRARIES = YES;
				BUNDLE_LOADER = "$(TEST_HOST)";
				CODE_SIGN_STYLE = Automatic;
				CURRENT_PROJECT_VERSION = 1;
				DEVELOPMENT_TEAM = N5BT92DK6J;
				GENERATE_INFOPLIST_FILE = YES;
				IPHONEOS_DEPLOYMENT_TARGET = 16.4;
				MARKETING_VERSION = 1.0;
				PRODUCT_BUNDLE_IDENTIFIER = com.mertbaykal.ShoppingNotTests;
				PRODUCT_NAME = "$(TARGET_NAME)";
				SWIFT_EMIT_LOC_STRINGS = NO;
				SWIFT_VERSION = 5.0;
				TARGETED_DEVICE_FAMILY = "1,2";
				TEST_HOST = "$(BUILT_PRODUCTS_DIR)/ShoppingNot.app/$(BUNDLE_EXECUTABLE_FOLDER_PATH)/ShoppingNot";
			};
			name = Release;
		};
		66C8D3FC2AB7565D005DFE49 /* Debug */ = {
			isa = XCBuildConfiguration;
			buildSettings = {
				ALWAYS_EMBED_SWIFT_STANDARD_LIBRARIES = YES;
				CODE_SIGN_STYLE = Automatic;
				CURRENT_PROJECT_VERSION = 1;
				DEVELOPMENT_TEAM = N5BT92DK6J;
				GENERATE_INFOPLIST_FILE = YES;
				MARKETING_VERSION = 1.0;
				PRODUCT_BUNDLE_IDENTIFIER = com.mertbaykal.ShoppingNotUITests;
				PRODUCT_NAME = "$(TARGET_NAME)";
				SWIFT_EMIT_LOC_STRINGS = NO;
				SWIFT_VERSION = 5.0;
				TARGETED_DEVICE_FAMILY = "1,2";
				TEST_TARGET_NAME = ShoppingNot;
			};
			name = Debug;
		};
		66C8D3FD2AB7565D005DFE49 /* Release */ = {
			isa = XCBuildConfiguration;
			buildSettings = {
				ALWAYS_EMBED_SWIFT_STANDARD_LIBRARIES = YES;
				CODE_SIGN_STYLE = Automatic;
				CURRENT_PROJECT_VERSION = 1;
				DEVELOPMENT_TEAM = N5BT92DK6J;
				GENERATE_INFOPLIST_FILE = YES;
				MARKETING_VERSION = 1.0;
				PRODUCT_BUNDLE_IDENTIFIER = com.mertbaykal.ShoppingNotUITests;
				PRODUCT_NAME = "$(TARGET_NAME)";
				SWIFT_EMIT_LOC_STRINGS = NO;
				SWIFT_VERSION = 5.0;
				TARGETED_DEVICE_FAMILY = "1,2";
				TEST_TARGET_NAME = ShoppingNot;
			};
			name = Release;
		};
/* End XCBuildConfiguration section */

/* Begin XCConfigurationList section */
		66C8D3C32AB7565C005DFE49 /* Build configuration list for PBXProject "ShoppingNot" */ = {
			isa = XCConfigurationList;
			buildConfigurations = (
				66C8D3F32AB7565D005DFE49 /* Debug */,
				66C8D3F42AB7565D005DFE49 /* Release */,
			);
			defaultConfigurationIsVisible = 0;
			defaultConfigurationName = Release;
		};
		66C8D3F52AB7565D005DFE49 /* Build configuration list for PBXNativeTarget "ShoppingNot" */ = {
			isa = XCConfigurationList;
			buildConfigurations = (
				66C8D3F62AB7565D005DFE49 /* Debug */,
				66C8D3F72AB7565D005DFE49 /* Release */,
			);
			defaultConfigurationIsVisible = 0;
			defaultConfigurationName = Release;
		};
		66C8D3F82AB7565D005DFE49 /* Build configuration list for PBXNativeTarget "ShoppingNotTests" */ = {
			isa = XCConfigurationList;
			buildConfigurations = (
				66C8D3F92AB7565D005DFE49 /* Debug */,
				66C8D3FA2AB7565D005DFE49 /* Release */,
			);
			defaultConfigurationIsVisible = 0;
			defaultConfigurationName = Release;
		};
		66C8D3FB2AB7565D005DFE49 /* Build configuration list for PBXNativeTarget "ShoppingNotUITests" */ = {
			isa = XCConfigurationList;
			buildConfigurations = (
				66C8D3FC2AB7565D005DFE49 /* Debug */,
				66C8D3FD2AB7565D005DFE49 /* Release */,
			);
			defaultConfigurationIsVisible = 0;
			defaultConfigurationName = Release;
		};
/* End XCConfigurationList section */

/* Begin XCVersionGroup section */
		66C8D3D42AB7565C005DFE49 /* ShoppingNot.xcdatamodeld */ = {
			isa = XCVersionGroup;
			children = (
				66C8D3D52AB7565C005DFE49 /* ShoppingNot.xcdatamodel */,
			);
			currentVersion = 66C8D3D52AB7565C005DFE49 /* ShoppingNot.xcdatamodel */;
			path = ShoppingNot.xcdatamodeld;
			sourceTree = "<group>";
			versionGroupType = wrapper.xcdatamodel;
		};
/* End XCVersionGroup section */
	};
	rootObject = 66C8D3C02AB7565C005DFE49 /* Project object */;
}
